
Microsoft Visual Studio Solution File, Format Version 12.00
# Visual Studio 15
VisualStudioVersion = 15.0.27703.2035
MinimumVisualStudioVersion = 10.0.40219.1
Project("{FAE04EC0-301F-11D3-BF4B-00C04F79EFBC}") = "EyeNurse.Client", "EyeNurse.Client\EyeNurse.Client.csproj", "{43B70B26-FDFC-4F88-840B-294A4048E60D}"
EndProject
Global
	GlobalSection(SolutionConfigurationPlatforms) = preSolution
		Debug|Any CPU = Debug|Any CPU
		Release|Any CPU = Release|Any CPU
	EndGlobalSection
	GlobalSection(ProjectConfigurationPlatforms) = postSolution
		{43B70B26-FDFC-4F88-840B-294A4048E60D}.Debug|Any CPU.ActiveCfg = Debug|Any CPU
		{43B70B26-FDFC-4F88-840B-294A4048E60D}.Debug|Any CPU.Build.0 = Debug|Any CPU
		{43B70B26-FDFC-4F88-840B-294A4048E60D}.Release|Any CPU.ActiveCfg = Release|Any CPU
		{43B70B26-FDFC-4F88-840B-294A4048E60D}.Release|Any CPU.Build.0 = Release|Any CPU
	EndGlobalSection
	GlobalSection(SolutionProperties) = preSolution
		HideSolutionNode = FALSE
	EndGlobalSection
	GlobalSection(ExtensibilityGlobals) = postSolution
		SolutionGuid = {A7B7E169-34DA-495E-AB47-EC36246AE52B}
	EndGlobalSection
EndGlobal
