
Microsoft Visual Studio Solution File, Format Version 12.00
# Visual Studio Version 17
VisualStudioVersion = 17.1.32228.430
MinimumVisualStudioVersion = 10.0.40219.1
Project("{9A19103F-16F7-4668-BE54-9A1E7A4F7556}") = "EyeNurse", "EyeNurse\EyeNurse.csproj", "{8763DD6B-F6D4-4117-8F2B-D233F38DB164}"
EndProject
Project("{2150E333-8FDC-42A3-9474-1A3956D46DE8}") = "Doc", "Doc", "{DD7E3C32-4C2B-4DDD-9BE0-3F8AFFF287A4}"
	ProjectSection(SolutionItems) = preProject
		..\docs\Build.md = ..\docs\Build.md
		..\README.md = ..\README.md
	EndProjectSection
EndProject
Project("{2150E333-8FDC-42A3-9474-1A3956D46DE8}") = "DZY.Dotnet.Tools", "DZY.Dotnet.Tools", "{7F5D1F08-C559-4064-8D30-49B28CF4DACC}"
EndProject
Project("{9A19103F-16F7-4668-BE54-9A1E7A4F7556}") = "TestProject", "TestProject\TestProject.csproj", "{DD2C1585-EEF4-4E49-B596-98D88620AB8B}"
EndProject
Project("{9A19103F-16F7-4668-BE54-9A1E7A4F7556}") = "Common", "..\..\dzy-dotnet-tools\src\Common\Common.csproj", "{2EDE1567-09C7-4977-9039-CB5D22CDF5D5}"
EndProject
Project("{9A19103F-16F7-4668-BE54-9A1E7A4F7556}") = "Common.Apps", "..\..\dzy-dotnet-tools\src\Common.Apps\Common.Apps.csproj", "{F8F21440-A5A7-408B-ABCC-7148002394A6}"
EndProject
Project("{9A19103F-16F7-4668-BE54-9A1E7A4F7556}") = "Common.Apps.WPF", "..\..\dzy-dotnet-tools\src\Common.Apps.WPF\Common.Apps.WPF.csproj", "{B2047BA6-2EB4-40BC-A46D-728F50BBA5BA}"
EndProject
Project("{9A19103F-16F7-4668-BE54-9A1E7A4F7556}") = "Common.WinAPI", "..\..\dzy-dotnet-tools\src\Common.WinAPI\Common.WinAPI.csproj", "{5B272F41-801F-434D-A095-C410930282F6}"
EndProject
Global
	GlobalSection(SolutionConfigurationPlatforms) = preSolution
		Debug|Any CPU = Debug|Any CPU
		Debug|ARM = Debug|ARM
		Debug|ARM64 = Debug|ARM64
		Debug|x64 = Debug|x64
		Debug|x86 = Debug|x86
		Release|Any CPU = Release|Any CPU
		Release|ARM = Release|ARM
		Release|ARM64 = Release|ARM64
		Release|x64 = Release|x64
		Release|x86 = Release|x86
	EndGlobalSection
	GlobalSection(ProjectConfigurationPlatforms) = postSolution
		{8763DD6B-F6D4-4117-8F2B-D233F38DB164}.Debug|Any CPU.ActiveCfg = Debug|Any CPU
		{8763DD6B-F6D4-4117-8F2B-D233F38DB164}.Debug|Any CPU.Build.0 = Debug|Any CPU
		{8763DD6B-F6D4-4117-8F2B-D233F38DB164}.Debug|ARM.ActiveCfg = Debug|Any CPU
		{8763DD6B-F6D4-4117-8F2B-D233F38DB164}.Debug|ARM.Build.0 = Debug|Any CPU
		{8763DD6B-F6D4-4117-8F2B-D233F38DB164}.Debug|ARM64.ActiveCfg = Debug|Any CPU
		{8763DD6B-F6D4-4117-8F2B-D233F38DB164}.Debug|ARM64.Build.0 = Debug|Any CPU
		{8763DD6B-F6D4-4117-8F2B-D233F38DB164}.Debug|x64.ActiveCfg = Debug|Any CPU
		{8763DD6B-F6D4-4117-8F2B-D233F38DB164}.Debug|x64.Build.0 = Debug|Any CPU
		{8763DD6B-F6D4-4117-8F2B-D233F38DB164}.Debug|x86.ActiveCfg = Debug|Any CPU
		{8763DD6B-F6D4-4117-8F2B-D233F38DB164}.Debug|x86.Build.0 = Debug|Any CPU
		{8763DD6B-F6D4-4117-8F2B-D233F38DB164}.Release|Any CPU.ActiveCfg = Release|Any CPU
		{8763DD6B-F6D4-4117-8F2B-D233F38DB164}.Release|Any CPU.Build.0 = Release|Any CPU
		{8763DD6B-F6D4-4117-8F2B-D233F38DB164}.Release|ARM.ActiveCfg = Release|Any CPU
		{8763DD6B-F6D4-4117-8F2B-D233F38DB164}.Release|ARM.Build.0 = Release|Any CPU
		{8763DD6B-F6D4-4117-8F2B-D233F38DB164}.Release|ARM64.ActiveCfg = Release|Any CPU
		{8763DD6B-F6D4-4117-8F2B-D233F38DB164}.Release|ARM64.Build.0 = Release|Any CPU
		{8763DD6B-F6D4-4117-8F2B-D233F38DB164}.Release|x64.ActiveCfg = Release|Any CPU
		{8763DD6B-F6D4-4117-8F2B-D233F38DB164}.Release|x64.Build.0 = Release|Any CPU
		{8763DD6B-F6D4-4117-8F2B-D233F38DB164}.Release|x86.ActiveCfg = Release|Any CPU
		{8763DD6B-F6D4-4117-8F2B-D233F38DB164}.Release|x86.Build.0 = Release|Any CPU
		{DD2C1585-EEF4-4E49-B596-98D88620AB8B}.Debug|Any CPU.ActiveCfg = Debug|Any CPU
		{DD2C1585-EEF4-4E49-B596-98D88620AB8B}.Debug|Any CPU.Build.0 = Debug|Any CPU
		{DD2C1585-EEF4-4E49-B596-98D88620AB8B}.Debug|ARM.ActiveCfg = Debug|Any CPU
		{DD2C1585-EEF4-4E49-B596-98D88620AB8B}.Debug|ARM.Build.0 = Debug|Any CPU
		{DD2C1585-EEF4-4E49-B596-98D88620AB8B}.Debug|ARM64.ActiveCfg = Debug|Any CPU
		{DD2C1585-EEF4-4E49-B596-98D88620AB8B}.Debug|ARM64.Build.0 = Debug|Any CPU
		{DD2C1585-EEF4-4E49-B596-98D88620AB8B}.Debug|x64.ActiveCfg = Debug|Any CPU
		{DD2C1585-EEF4-4E49-B596-98D88620AB8B}.Debug|x64.Build.0 = Debug|Any CPU
		{DD2C1585-EEF4-4E49-B596-98D88620AB8B}.Debug|x86.ActiveCfg = Debug|Any CPU
		{DD2C1585-EEF4-4E49-B596-98D88620AB8B}.Debug|x86.Build.0 = Debug|Any CPU
		{DD2C1585-EEF4-4E49-B596-98D88620AB8B}.Release|Any CPU.ActiveCfg = Release|Any CPU
		{DD2C1585-EEF4-4E49-B596-98D88620AB8B}.Release|Any CPU.Build.0 = Release|Any CPU
		{DD2C1585-EEF4-4E49-B596-98D88620AB8B}.Release|ARM.ActiveCfg = Release|Any CPU
		{DD2C1585-EEF4-4E49-B596-98D88620AB8B}.Release|ARM.Build.0 = Release|Any CPU
		{DD2C1585-EEF4-4E49-B596-98D88620AB8B}.Release|ARM64.ActiveCfg = Release|Any CPU
		{DD2C1585-EEF4-4E49-B596-98D88620AB8B}.Release|ARM64.Build.0 = Release|Any CPU
		{DD2C1585-EEF4-4E49-B596-98D88620AB8B}.Release|x64.ActiveCfg = Release|Any CPU
		{DD2C1585-EEF4-4E49-B596-98D88620AB8B}.Release|x64.Build.0 = Release|Any CPU
		{DD2C1585-EEF4-4E49-B596-98D88620AB8B}.Release|x86.ActiveCfg = Release|Any CPU
		{DD2C1585-EEF4-4E49-B596-98D88620AB8B}.Release|x86.Build.0 = Release|Any CPU
		{2EDE1567-09C7-4977-9039-CB5D22CDF5D5}.Debug|Any CPU.ActiveCfg = Debug|Any CPU
		{2EDE1567-09C7-4977-9039-CB5D22CDF5D5}.Debug|Any CPU.Build.0 = Debug|Any CPU
		{2EDE1567-09C7-4977-9039-CB5D22CDF5D5}.Debug|ARM.ActiveCfg = Debug|Any CPU
		{2EDE1567-09C7-4977-9039-CB5D22CDF5D5}.Debug|ARM.Build.0 = Debug|Any CPU
		{2EDE1567-09C7-4977-9039-CB5D22CDF5D5}.Debug|ARM64.ActiveCfg = Debug|Any CPU
		{2EDE1567-09C7-4977-9039-CB5D22CDF5D5}.Debug|ARM64.Build.0 = Debug|Any CPU
		{2EDE1567-09C7-4977-9039-CB5D22CDF5D5}.Debug|x64.ActiveCfg = Debug|Any CPU
		{2EDE1567-09C7-4977-9039-CB5D22CDF5D5}.Debug|x64.Build.0 = Debug|Any CPU
		{2EDE1567-09C7-4977-9039-CB5D22CDF5D5}.Debug|x86.ActiveCfg = Debug|Any CPU
		{2EDE1567-09C7-4977-9039-CB5D22CDF5D5}.Debug|x86.Build.0 = Debug|Any CPU
		{2EDE1567-09C7-4977-9039-CB5D22CDF5D5}.Release|Any CPU.ActiveCfg = Release|Any CPU
		{2EDE1567-09C7-4977-9039-CB5D22CDF5D5}.Release|Any CPU.Build.0 = Release|Any CPU
		{2EDE1567-09C7-4977-9039-CB5D22CDF5D5}.Release|ARM.ActiveCfg = Release|Any CPU
		{2EDE1567-09C7-4977-9039-CB5D22CDF5D5}.Release|ARM.Build.0 = Release|Any CPU
		{2EDE1567-09C7-4977-9039-CB5D22CDF5D5}.Release|ARM64.ActiveCfg = Release|Any CPU
		{2EDE1567-09C7-4977-9039-CB5D22CDF5D5}.Release|ARM64.Build.0 = Release|Any CPU
		{2EDE1567-09C7-4977-9039-CB5D22CDF5D5}.Release|x64.ActiveCfg = Release|Any CPU
		{2EDE1567-09C7-4977-9039-CB5D22CDF5D5}.Release|x64.Build.0 = Release|Any CPU
		{2EDE1567-09C7-4977-9039-CB5D22CDF5D5}.Release|x86.ActiveCfg = Release|Any CPU
		{2EDE1567-09C7-4977-9039-CB5D22CDF5D5}.Release|x86.Build.0 = Release|Any CPU
		{F8F21440-A5A7-408B-ABCC-7148002394A6}.Debug|Any CPU.ActiveCfg = Debug|Any CPU
		{F8F21440-A5A7-408B-ABCC-7148002394A6}.Debug|Any CPU.Build.0 = Debug|Any CPU
		{F8F21440-A5A7-408B-ABCC-7148002394A6}.Debug|ARM.ActiveCfg = Debug|Any CPU
		{F8F21440-A5A7-408B-ABCC-7148002394A6}.Debug|ARM.Build.0 = Debug|Any CPU
		{F8F21440-A5A7-408B-ABCC-7148002394A6}.Debug|ARM64.ActiveCfg = Debug|Any CPU
		{F8F21440-A5A7-408B-ABCC-7148002394A6}.Debug|ARM64.Build.0 = Debug|Any CPU
		{F8F21440-A5A7-408B-ABCC-7148002394A6}.Debug|x64.ActiveCfg = Debug|Any CPU
		{F8F21440-A5A7-408B-ABCC-7148002394A6}.Debug|x64.Build.0 = Debug|Any CPU
		{F8F21440-A5A7-408B-ABCC-7148002394A6}.Debug|x86.ActiveCfg = Debug|Any CPU
		{F8F21440-A5A7-408B-ABCC-7148002394A6}.Debug|x86.Build.0 = Debug|Any CPU
		{F8F21440-A5A7-408B-ABCC-7148002394A6}.Release|Any CPU.ActiveCfg = Release|Any CPU
		{F8F21440-A5A7-408B-ABCC-7148002394A6}.Release|Any CPU.Build.0 = Release|Any CPU
		{F8F21440-A5A7-408B-ABCC-7148002394A6}.Release|ARM.ActiveCfg = Release|Any CPU
		{F8F21440-A5A7-408B-ABCC-7148002394A6}.Release|ARM.Build.0 = Release|Any CPU
		{F8F21440-A5A7-408B-ABCC-7148002394A6}.Release|ARM64.ActiveCfg = Release|Any CPU
		{F8F21440-A5A7-408B-ABCC-7148002394A6}.Release|ARM64.Build.0 = Release|Any CPU
		{F8F21440-A5A7-408B-ABCC-7148002394A6}.Release|x64.ActiveCfg = Release|Any CPU
		{F8F21440-A5A7-408B-ABCC-7148002394A6}.Release|x64.Build.0 = Release|Any CPU
		{F8F21440-A5A7-408B-ABCC-7148002394A6}.Release|x86.ActiveCfg = Release|Any CPU
		{F8F21440-A5A7-408B-ABCC-7148002394A6}.Release|x86.Build.0 = Release|Any CPU
		{B2047BA6-2EB4-40BC-A46D-728F50BBA5BA}.Debug|Any CPU.ActiveCfg = Debug|Any CPU
		{B2047BA6-2EB4-40BC-A46D-728F50BBA5BA}.Debug|Any CPU.Build.0 = Debug|Any CPU
		{B2047BA6-2EB4-40BC-A46D-728F50BBA5BA}.Debug|ARM.ActiveCfg = Debug|Any CPU
		{B2047BA6-2EB4-40BC-A46D-728F50BBA5BA}.Debug|ARM.Build.0 = Debug|Any CPU
		{B2047BA6-2EB4-40BC-A46D-728F50BBA5BA}.Debug|ARM64.ActiveCfg = Debug|Any CPU
		{B2047BA6-2EB4-40BC-A46D-728F50BBA5BA}.Debug|ARM64.Build.0 = Debug|Any CPU
		{B2047BA6-2EB4-40BC-A46D-728F50BBA5BA}.Debug|x64.ActiveCfg = Debug|Any CPU
		{B2047BA6-2EB4-40BC-A46D-728F50BBA5BA}.Debug|x64.Build.0 = Debug|Any CPU
		{B2047BA6-2EB4-40BC-A46D-728F50BBA5BA}.Debug|x86.ActiveCfg = Debug|Any CPU
		{B2047BA6-2EB4-40BC-A46D-728F50BBA5BA}.Debug|x86.Build.0 = Debug|Any CPU
		{B2047BA6-2EB4-40BC-A46D-728F50BBA5BA}.Release|Any CPU.ActiveCfg = Release|Any CPU
		{B2047BA6-2EB4-40BC-A46D-728F50BBA5BA}.Release|Any CPU.Build.0 = Release|Any CPU
		{B2047BA6-2EB4-40BC-A46D-728F50BBA5BA}.Release|ARM.ActiveCfg = Release|Any CPU
		{B2047BA6-2EB4-40BC-A46D-728F50BBA5BA}.Release|ARM.Build.0 = Release|Any CPU
		{B2047BA6-2EB4-40BC-A46D-728F50BBA5BA}.Release|ARM64.ActiveCfg = Release|Any CPU
		{B2047BA6-2EB4-40BC-A46D-728F50BBA5BA}.Release|ARM64.Build.0 = Release|Any CPU
		{B2047BA6-2EB4-40BC-A46D-728F50BBA5BA}.Release|x64.ActiveCfg = Release|Any CPU
		{B2047BA6-2EB4-40BC-A46D-728F50BBA5BA}.Release|x64.Build.0 = Release|Any CPU
		{B2047BA6-2EB4-40BC-A46D-728F50BBA5BA}.Release|x86.ActiveCfg = Release|Any CPU
		{B2047BA6-2EB4-40BC-A46D-728F50BBA5BA}.Release|x86.Build.0 = Release|Any CPU
		{5B272F41-801F-434D-A095-C410930282F6}.Debug|Any CPU.ActiveCfg = Debug|Any CPU
		{5B272F41-801F-434D-A095-C410930282F6}.Debug|Any CPU.Build.0 = Debug|Any CPU
		{5B272F41-801F-434D-A095-C410930282F6}.Debug|ARM.ActiveCfg = Debug|Any CPU
		{5B272F41-801F-434D-A095-C410930282F6}.Debug|ARM.Build.0 = Debug|Any CPU
		{5B272F41-801F-434D-A095-C410930282F6}.Debug|ARM64.ActiveCfg = Debug|Any CPU
		{5B272F41-801F-434D-A095-C410930282F6}.Debug|ARM64.Build.0 = Debug|Any CPU
		{5B272F41-801F-434D-A095-C410930282F6}.Debug|x64.ActiveCfg = Debug|Any CPU
		{5B272F41-801F-434D-A095-C410930282F6}.Debug|x64.Build.0 = Debug|Any CPU
		{5B272F41-801F-434D-A095-C410930282F6}.Debug|x86.ActiveCfg = Debug|Any CPU
		{5B272F41-801F-434D-A095-C410930282F6}.Debug|x86.Build.0 = Debug|Any CPU
		{5B272F41-801F-434D-A095-C410930282F6}.Release|Any CPU.ActiveCfg = Release|Any CPU
		{5B272F41-801F-434D-A095-C410930282F6}.Release|Any CPU.Build.0 = Release|Any CPU
		{5B272F41-801F-434D-A095-C410930282F6}.Release|ARM.ActiveCfg = Release|Any CPU
		{5B272F41-801F-434D-A095-C410930282F6}.Release|ARM.Build.0 = Release|Any CPU
		{5B272F41-801F-434D-A095-C410930282F6}.Release|ARM64.ActiveCfg = Release|Any CPU
		{5B272F41-801F-434D-A095-C410930282F6}.Release|ARM64.Build.0 = Release|Any CPU
		{5B272F41-801F-434D-A095-C410930282F6}.Release|x64.ActiveCfg = Release|Any CPU
		{5B272F41-801F-434D-A095-C410930282F6}.Release|x64.Build.0 = Release|Any CPU
		{5B272F41-801F-434D-A095-C410930282F6}.Release|x86.ActiveCfg = Release|Any CPU
		{5B272F41-801F-434D-A095-C410930282F6}.Release|x86.Build.0 = Release|Any CPU
	EndGlobalSection
	GlobalSection(SolutionProperties) = preSolution
		HideSolutionNode = FALSE
	EndGlobalSection
	GlobalSection(NestedProjects) = preSolution
		{2EDE1567-09C7-4977-9039-CB5D22CDF5D5} = {7F5D1F08-C559-4064-8D30-49B28CF4DACC}
		{F8F21440-A5A7-408B-ABCC-7148002394A6} = {7F5D1F08-C559-4064-8D30-49B28CF4DACC}
		{B2047BA6-2EB4-40BC-A46D-728F50BBA5BA} = {7F5D1F08-C559-4064-8D30-49B28CF4DACC}
		{5B272F41-801F-434D-A095-C410930282F6} = {7F5D1F08-C559-4064-8D30-49B28CF4DACC}
	EndGlobalSection
	GlobalSection(ExtensibilityGlobals) = postSolution
		SolutionGuid = {8443FC4D-B454-4B12-8D78-2C4418C4D739}
	EndGlobalSection
EndGlobal
