
Microsoft Visual Studio Solution File, Format Version 12.00
# Visual Studio Version 17
VisualStudioVersion = 17.1.32228.430
MinimumVisualStudioVersion = 10.0.40219.1
Project("{9A19103F-16F7-4668-BE54-9A1E7A4F7556}") = "EyeNurse", "EyeNurse\EyeNurse.csproj", "{8763DD6B-F6D4-4117-8F2B-D233F38DB164}"
EndProject
Project("{2150E333-8FDC-42A3-9474-1A3956D46DE8}") = "Doc", "Doc", "{DD7E3C32-4C2B-4DDD-9BE0-3F8AFFF287A4}"
	ProjectSection(SolutionItems) = preProject
		..\README.md = ..\README.md
	EndProjectSection
EndProject
Project("{9A19103F-16F7-4668-BE54-9A1E7A4F7556}") = "Common", "..\..\..\gitee private\dotnet\DotNetUtil\src\Common\Common.csproj", "{47F9240B-08BD-4D30-B8F6-2DA7D74D7EC3}"
EndProject
Project("{9A19103F-16F7-4668-BE54-9A1E7A4F7556}") = "Common.Apps", "..\..\..\gitee private\dotnet\DotNetUtil\src\Common.Apps\Common.Apps.csproj", "{BB5C7081-134D-4F33-A9D6-665CD869A8F7}"
EndProject
Project("{2150E333-8FDC-42A3-9474-1A3956D46DE8}") = "DaZiYuan.Common", "DaZiYuan.Common", "{7F5D1F08-C559-4064-8D30-49B28CF4DACC}"
EndProject
Project("{9A19103F-16F7-4668-BE54-9A1E7A4F7556}") = "Common.WinAPI", "..\..\..\gitee private\dotnet\DotNetUtil\src\Common.WinAPI\Common.WinAPI.csproj", "{3E5B7553-4014-4392-93E3-6079D08E19B2}"
EndProject
Project("{9A19103F-16F7-4668-BE54-9A1E7A4F7556}") = "TestProject", "TestProject\TestProject.csproj", "{DD2C1585-EEF4-4E49-B596-98D88620AB8B}"
EndProject
Project("{9A19103F-16F7-4668-BE54-9A1E7A4F7556}") = "Common.Apps.WPF", "..\..\..\gitee private\dotnet\DotNetUtil\src\Common.Apps.WPF\Common.Apps.WPF.csproj", "{A732C5CE-0EAE-4734-A8C8-16311B4B5476}"
EndProject
Global
	GlobalSection(SolutionConfigurationPlatforms) = preSolution
		Debug|Any CPU = Debug|Any CPU
		Debug|ARM = Debug|ARM
		Debug|ARM64 = Debug|ARM64
		Debug|x64 = Debug|x64
		Debug|x86 = Debug|x86
		Release|Any CPU = Release|Any CPU
		Release|ARM = Release|ARM
		Release|ARM64 = Release|ARM64
		Release|x64 = Release|x64
		Release|x86 = Release|x86
	EndGlobalSection
	GlobalSection(ProjectConfigurationPlatforms) = postSolution
		{8763DD6B-F6D4-4117-8F2B-D233F38DB164}.Debug|Any CPU.ActiveCfg = Debug|Any CPU
		{8763DD6B-F6D4-4117-8F2B-D233F38DB164}.Debug|Any CPU.Build.0 = Debug|Any CPU
		{8763DD6B-F6D4-4117-8F2B-D233F38DB164}.Debug|ARM.ActiveCfg = Debug|Any CPU
		{8763DD6B-F6D4-4117-8F2B-D233F38DB164}.Debug|ARM.Build.0 = Debug|Any CPU
		{8763DD6B-F6D4-4117-8F2B-D233F38DB164}.Debug|ARM64.ActiveCfg = Debug|Any CPU
		{8763DD6B-F6D4-4117-8F2B-D233F38DB164}.Debug|ARM64.Build.0 = Debug|Any CPU
		{8763DD6B-F6D4-4117-8F2B-D233F38DB164}.Debug|x64.ActiveCfg = Debug|Any CPU
		{8763DD6B-F6D4-4117-8F2B-D233F38DB164}.Debug|x64.Build.0 = Debug|Any CPU
		{8763DD6B-F6D4-4117-8F2B-D233F38DB164}.Debug|x86.ActiveCfg = Debug|Any CPU
		{8763DD6B-F6D4-4117-8F2B-D233F38DB164}.Debug|x86.Build.0 = Debug|Any CPU
		{8763DD6B-F6D4-4117-8F2B-D233F38DB164}.Release|Any CPU.ActiveCfg = Release|Any CPU
		{8763DD6B-F6D4-4117-8F2B-D233F38DB164}.Release|Any CPU.Build.0 = Release|Any CPU
		{8763DD6B-F6D4-4117-8F2B-D233F38DB164}.Release|ARM.ActiveCfg = Release|Any CPU
		{8763DD6B-F6D4-4117-8F2B-D233F38DB164}.Release|ARM.Build.0 = Release|Any CPU
		{8763DD6B-F6D4-4117-8F2B-D233F38DB164}.Release|ARM64.ActiveCfg = Release|Any CPU
		{8763DD6B-F6D4-4117-8F2B-D233F38DB164}.Release|ARM64.Build.0 = Release|Any CPU
		{8763DD6B-F6D4-4117-8F2B-D233F38DB164}.Release|x64.ActiveCfg = Release|Any CPU
		{8763DD6B-F6D4-4117-8F2B-D233F38DB164}.Release|x64.Build.0 = Release|Any CPU
		{8763DD6B-F6D4-4117-8F2B-D233F38DB164}.Release|x86.ActiveCfg = Release|Any CPU
		{8763DD6B-F6D4-4117-8F2B-D233F38DB164}.Release|x86.Build.0 = Release|Any CPU
		{47F9240B-08BD-4D30-B8F6-2DA7D74D7EC3}.Debug|Any CPU.ActiveCfg = Debug|Any CPU
		{47F9240B-08BD-4D30-B8F6-2DA7D74D7EC3}.Debug|Any CPU.Build.0 = Debug|Any CPU
		{47F9240B-08BD-4D30-B8F6-2DA7D74D7EC3}.Debug|ARM.ActiveCfg = Debug|Any CPU
		{47F9240B-08BD-4D30-B8F6-2DA7D74D7EC3}.Debug|ARM.Build.0 = Debug|Any CPU
		{47F9240B-08BD-4D30-B8F6-2DA7D74D7EC3}.Debug|ARM64.ActiveCfg = Debug|Any CPU
		{47F9240B-08BD-4D30-B8F6-2DA7D74D7EC3}.Debug|ARM64.Build.0 = Debug|Any CPU
		{47F9240B-08BD-4D30-B8F6-2DA7D74D7EC3}.Debug|x64.ActiveCfg = Debug|Any CPU
		{47F9240B-08BD-4D30-B8F6-2DA7D74D7EC3}.Debug|x64.Build.0 = Debug|Any CPU
		{47F9240B-08BD-4D30-B8F6-2DA7D74D7EC3}.Debug|x86.ActiveCfg = Debug|Any CPU
		{47F9240B-08BD-4D30-B8F6-2DA7D74D7EC3}.Debug|x86.Build.0 = Debug|Any CPU
		{47F9240B-08BD-4D30-B8F6-2DA7D74D7EC3}.Release|Any CPU.ActiveCfg = Release|Any CPU
		{47F9240B-08BD-4D30-B8F6-2DA7D74D7EC3}.Release|Any CPU.Build.0 = Release|Any CPU
		{47F9240B-08BD-4D30-B8F6-2DA7D74D7EC3}.Release|ARM.ActiveCfg = Release|Any CPU
		{47F9240B-08BD-4D30-B8F6-2DA7D74D7EC3}.Release|ARM.Build.0 = Release|Any CPU
		{47F9240B-08BD-4D30-B8F6-2DA7D74D7EC3}.Release|ARM64.ActiveCfg = Release|Any CPU
		{47F9240B-08BD-4D30-B8F6-2DA7D74D7EC3}.Release|ARM64.Build.0 = Release|Any CPU
		{47F9240B-08BD-4D30-B8F6-2DA7D74D7EC3}.Release|x64.ActiveCfg = Release|Any CPU
		{47F9240B-08BD-4D30-B8F6-2DA7D74D7EC3}.Release|x64.Build.0 = Release|Any CPU
		{47F9240B-08BD-4D30-B8F6-2DA7D74D7EC3}.Release|x86.ActiveCfg = Release|Any CPU
		{47F9240B-08BD-4D30-B8F6-2DA7D74D7EC3}.Release|x86.Build.0 = Release|Any CPU
		{BB5C7081-134D-4F33-A9D6-665CD869A8F7}.Debug|Any CPU.ActiveCfg = Debug|Any CPU
		{BB5C7081-134D-4F33-A9D6-665CD869A8F7}.Debug|Any CPU.Build.0 = Debug|Any CPU
		{BB5C7081-134D-4F33-A9D6-665CD869A8F7}.Debug|ARM.ActiveCfg = Debug|Any CPU
		{BB5C7081-134D-4F33-A9D6-665CD869A8F7}.Debug|ARM.Build.0 = Debug|Any CPU
		{BB5C7081-134D-4F33-A9D6-665CD869A8F7}.Debug|ARM64.ActiveCfg = Debug|Any CPU
		{BB5C7081-134D-4F33-A9D6-665CD869A8F7}.Debug|ARM64.Build.0 = Debug|Any CPU
		{BB5C7081-134D-4F33-A9D6-665CD869A8F7}.Debug|x64.ActiveCfg = Debug|Any CPU
		{BB5C7081-134D-4F33-A9D6-665CD869A8F7}.Debug|x64.Build.0 = Debug|Any CPU
		{BB5C7081-134D-4F33-A9D6-665CD869A8F7}.Debug|x86.ActiveCfg = Debug|Any CPU
		{BB5C7081-134D-4F33-A9D6-665CD869A8F7}.Debug|x86.Build.0 = Debug|Any CPU
		{BB5C7081-134D-4F33-A9D6-665CD869A8F7}.Release|Any CPU.ActiveCfg = Release|Any CPU
		{BB5C7081-134D-4F33-A9D6-665CD869A8F7}.Release|Any CPU.Build.0 = Release|Any CPU
		{BB5C7081-134D-4F33-A9D6-665CD869A8F7}.Release|ARM.ActiveCfg = Release|Any CPU
		{BB5C7081-134D-4F33-A9D6-665CD869A8F7}.Release|ARM.Build.0 = Release|Any CPU
		{BB5C7081-134D-4F33-A9D6-665CD869A8F7}.Release|ARM64.ActiveCfg = Release|Any CPU
		{BB5C7081-134D-4F33-A9D6-665CD869A8F7}.Release|ARM64.Build.0 = Release|Any CPU
		{BB5C7081-134D-4F33-A9D6-665CD869A8F7}.Release|x64.ActiveCfg = Release|Any CPU
		{BB5C7081-134D-4F33-A9D6-665CD869A8F7}.Release|x64.Build.0 = Release|Any CPU
		{BB5C7081-134D-4F33-A9D6-665CD869A8F7}.Release|x86.ActiveCfg = Release|Any CPU
		{BB5C7081-134D-4F33-A9D6-665CD869A8F7}.Release|x86.Build.0 = Release|Any CPU
		{3E5B7553-4014-4392-93E3-6079D08E19B2}.Debug|Any CPU.ActiveCfg = Debug|Any CPU
		{3E5B7553-4014-4392-93E3-6079D08E19B2}.Debug|Any CPU.Build.0 = Debug|Any CPU
		{3E5B7553-4014-4392-93E3-6079D08E19B2}.Debug|ARM.ActiveCfg = Debug|Any CPU
		{3E5B7553-4014-4392-93E3-6079D08E19B2}.Debug|ARM.Build.0 = Debug|Any CPU
		{3E5B7553-4014-4392-93E3-6079D08E19B2}.Debug|ARM64.ActiveCfg = Debug|Any CPU
		{3E5B7553-4014-4392-93E3-6079D08E19B2}.Debug|ARM64.Build.0 = Debug|Any CPU
		{3E5B7553-4014-4392-93E3-6079D08E19B2}.Debug|x64.ActiveCfg = Debug|Any CPU
		{3E5B7553-4014-4392-93E3-6079D08E19B2}.Debug|x64.Build.0 = Debug|Any CPU
		{3E5B7553-4014-4392-93E3-6079D08E19B2}.Debug|x86.ActiveCfg = Debug|Any CPU
		{3E5B7553-4014-4392-93E3-6079D08E19B2}.Debug|x86.Build.0 = Debug|Any CPU
		{3E5B7553-4014-4392-93E3-6079D08E19B2}.Release|Any CPU.ActiveCfg = Release|Any CPU
		{3E5B7553-4014-4392-93E3-6079D08E19B2}.Release|Any CPU.Build.0 = Release|Any CPU
		{3E5B7553-4014-4392-93E3-6079D08E19B2}.Release|ARM.ActiveCfg = Release|Any CPU
		{3E5B7553-4014-4392-93E3-6079D08E19B2}.Release|ARM.Build.0 = Release|Any CPU
		{3E5B7553-4014-4392-93E3-6079D08E19B2}.Release|ARM64.ActiveCfg = Release|Any CPU
		{3E5B7553-4014-4392-93E3-6079D08E19B2}.Release|ARM64.Build.0 = Release|Any CPU
		{3E5B7553-4014-4392-93E3-6079D08E19B2}.Release|x64.ActiveCfg = Release|Any CPU
		{3E5B7553-4014-4392-93E3-6079D08E19B2}.Release|x64.Build.0 = Release|Any CPU
		{3E5B7553-4014-4392-93E3-6079D08E19B2}.Release|x86.ActiveCfg = Release|Any CPU
		{3E5B7553-4014-4392-93E3-6079D08E19B2}.Release|x86.Build.0 = Release|Any CPU
		{DD2C1585-EEF4-4E49-B596-98D88620AB8B}.Debug|Any CPU.ActiveCfg = Debug|Any CPU
		{DD2C1585-EEF4-4E49-B596-98D88620AB8B}.Debug|Any CPU.Build.0 = Debug|Any CPU
		{DD2C1585-EEF4-4E49-B596-98D88620AB8B}.Debug|ARM.ActiveCfg = Debug|Any CPU
		{DD2C1585-EEF4-4E49-B596-98D88620AB8B}.Debug|ARM.Build.0 = Debug|Any CPU
		{DD2C1585-EEF4-4E49-B596-98D88620AB8B}.Debug|ARM64.ActiveCfg = Debug|Any CPU
		{DD2C1585-EEF4-4E49-B596-98D88620AB8B}.Debug|ARM64.Build.0 = Debug|Any CPU
		{DD2C1585-EEF4-4E49-B596-98D88620AB8B}.Debug|x64.ActiveCfg = Debug|Any CPU
		{DD2C1585-EEF4-4E49-B596-98D88620AB8B}.Debug|x64.Build.0 = Debug|Any CPU
		{DD2C1585-EEF4-4E49-B596-98D88620AB8B}.Debug|x86.ActiveCfg = Debug|Any CPU
		{DD2C1585-EEF4-4E49-B596-98D88620AB8B}.Debug|x86.Build.0 = Debug|Any CPU
		{DD2C1585-EEF4-4E49-B596-98D88620AB8B}.Release|Any CPU.ActiveCfg = Release|Any CPU
		{DD2C1585-EEF4-4E49-B596-98D88620AB8B}.Release|Any CPU.Build.0 = Release|Any CPU
		{DD2C1585-EEF4-4E49-B596-98D88620AB8B}.Release|ARM.ActiveCfg = Release|Any CPU
		{DD2C1585-EEF4-4E49-B596-98D88620AB8B}.Release|ARM.Build.0 = Release|Any CPU
		{DD2C1585-EEF4-4E49-B596-98D88620AB8B}.Release|ARM64.ActiveCfg = Release|Any CPU
		{DD2C1585-EEF4-4E49-B596-98D88620AB8B}.Release|ARM64.Build.0 = Release|Any CPU
		{DD2C1585-EEF4-4E49-B596-98D88620AB8B}.Release|x64.ActiveCfg = Release|Any CPU
		{DD2C1585-EEF4-4E49-B596-98D88620AB8B}.Release|x64.Build.0 = Release|Any CPU
		{DD2C1585-EEF4-4E49-B596-98D88620AB8B}.Release|x86.ActiveCfg = Release|Any CPU
		{DD2C1585-EEF4-4E49-B596-98D88620AB8B}.Release|x86.Build.0 = Release|Any CPU
		{A732C5CE-0EAE-4734-A8C8-16311B4B5476}.Debug|Any CPU.ActiveCfg = Debug|Any CPU
		{A732C5CE-0EAE-4734-A8C8-16311B4B5476}.Debug|Any CPU.Build.0 = Debug|Any CPU
		{A732C5CE-0EAE-4734-A8C8-16311B4B5476}.Debug|ARM.ActiveCfg = Debug|Any CPU
		{A732C5CE-0EAE-4734-A8C8-16311B4B5476}.Debug|ARM.Build.0 = Debug|Any CPU
		{A732C5CE-0EAE-4734-A8C8-16311B4B5476}.Debug|ARM64.ActiveCfg = Debug|Any CPU
		{A732C5CE-0EAE-4734-A8C8-16311B4B5476}.Debug|ARM64.Build.0 = Debug|Any CPU
		{A732C5CE-0EAE-4734-A8C8-16311B4B5476}.Debug|x64.ActiveCfg = Debug|Any CPU
		{A732C5CE-0EAE-4734-A8C8-16311B4B5476}.Debug|x64.Build.0 = Debug|Any CPU
		{A732C5CE-0EAE-4734-A8C8-16311B4B5476}.Debug|x86.ActiveCfg = Debug|Any CPU
		{A732C5CE-0EAE-4734-A8C8-16311B4B5476}.Debug|x86.Build.0 = Debug|Any CPU
		{A732C5CE-0EAE-4734-A8C8-16311B4B5476}.Release|Any CPU.ActiveCfg = Release|Any CPU
		{A732C5CE-0EAE-4734-A8C8-16311B4B5476}.Release|Any CPU.Build.0 = Release|Any CPU
		{A732C5CE-0EAE-4734-A8C8-16311B4B5476}.Release|ARM.ActiveCfg = Release|Any CPU
		{A732C5CE-0EAE-4734-A8C8-16311B4B5476}.Release|ARM.Build.0 = Release|Any CPU
		{A732C5CE-0EAE-4734-A8C8-16311B4B5476}.Release|ARM64.ActiveCfg = Release|Any CPU
		{A732C5CE-0EAE-4734-A8C8-16311B4B5476}.Release|ARM64.Build.0 = Release|Any CPU
		{A732C5CE-0EAE-4734-A8C8-16311B4B5476}.Release|x64.ActiveCfg = Release|Any CPU
		{A732C5CE-0EAE-4734-A8C8-16311B4B5476}.Release|x64.Build.0 = Release|Any CPU
		{A732C5CE-0EAE-4734-A8C8-16311B4B5476}.Release|x86.ActiveCfg = Release|Any CPU
		{A732C5CE-0EAE-4734-A8C8-16311B4B5476}.Release|x86.Build.0 = Release|Any CPU
	EndGlobalSection
	GlobalSection(SolutionProperties) = preSolution
		HideSolutionNode = FALSE
	EndGlobalSection
	GlobalSection(NestedProjects) = preSolution
		{47F9240B-08BD-4D30-B8F6-2DA7D74D7EC3} = {7F5D1F08-C559-4064-8D30-49B28CF4DACC}
		{BB5C7081-134D-4F33-A9D6-665CD869A8F7} = {7F5D1F08-C559-4064-8D30-49B28CF4DACC}
		{3E5B7553-4014-4392-93E3-6079D08E19B2} = {7F5D1F08-C559-4064-8D30-49B28CF4DACC}
		{A732C5CE-0EAE-4734-A8C8-16311B4B5476} = {7F5D1F08-C559-4064-8D30-49B28CF4DACC}
	EndGlobalSection
	GlobalSection(ExtensibilityGlobals) = postSolution
		SolutionGuid = {8443FC4D-B454-4B12-8D78-2C4418C4D739}
	EndGlobalSection
EndGlobal
